
Microsoft Visual Studio Solution File, Format Version 12.00
# Visual Studio Version 17
VisualStudioVersion = 17.3.32819.101
MinimumVisualStudioVersion = 10.0.40219.1
Project("{FAE04EC0-301F-11D3-BF4B-00C04F79EFBC}") = "While Interation", "While Interation.csproj", "{365AB2DA-3DD2-4682-823F-9D275DD00B55}"
EndProject
Global
	GlobalSection(SolutionConfigurationPlatforms) = preSolution
		Debug|Any CPU = Debug|Any CPU
		Release|Any CPU = Release|Any CPU
	EndGlobalSection
	GlobalSection(ProjectConfigurationPlatforms) = postSolution
		{365AB2DA-3DD2-4682-823F-9D275DD00B55}.Debug|Any CPU.ActiveCfg = Debug|Any CPU
		{365AB2DA-3DD2-4682-823F-9D275DD00B55}.Debug|Any CPU.Build.0 = Debug|Any CPU
		{365AB2DA-3DD2-4682-823F-9D275DD00B55}.Release|Any CPU.ActiveCfg = Release|Any CPU
		{365AB2DA-3DD2-4682-823F-9D275DD00B55}.Release|Any CPU.Build.0 = Release|Any CPU
	EndGlobalSection
	GlobalSection(SolutionProperties) = preSolution
		HideSolutionNode = FALSE
	EndGlobalSection
	GlobalSection(ExtensibilityGlobals) = postSolution
		SolutionGuid = {23215026-E4ED-48CB-B6A2-7063D440D948}
	EndGlobalSection
EndGlobal
