
Microsoft Visual Studio Solution File, Format Version 12.00
# Visual Studio Version 17
VisualStudioVersion = 17.3.32819.101
MinimumVisualStudioVersion = 10.0.40219.1
Project("{9A19103F-16F7-4668-BE54-9A1E7A4F7556}") = "While Iteration", "While Iteration.csproj", "{FC63081B-6A04-4C73-A64D-8D597E10C039}"
EndProject
Global
	GlobalSection(SolutionConfigurationPlatforms) = preSolution
		Debug|Any CPU = Debug|Any CPU
		Release|Any CPU = Release|Any CPU
	EndGlobalSection
	GlobalSection(ProjectConfigurationPlatforms) = postSolution
		{FC63081B-6A04-4C73-A64D-8D597E10C039}.Debug|Any CPU.ActiveCfg = Debug|Any CPU
		{FC63081B-6A04-4C73-A64D-8D597E10C039}.Debug|Any CPU.Build.0 = Debug|Any CPU
		{FC63081B-6A04-4C73-A64D-8D597E10C039}.Release|Any CPU.ActiveCfg = Release|Any CPU
		{FC63081B-6A04-4C73-A64D-8D597E10C039}.Release|Any CPU.Build.0 = Release|Any CPU
	EndGlobalSection
	GlobalSection(SolutionProperties) = preSolution
		HideSolutionNode = FALSE
	EndGlobalSection
	GlobalSection(ExtensibilityGlobals) = postSolution
		SolutionGuid = {3865EAFE-AB2A-4E21-8F90-7BE9DDA2003D}
	EndGlobalSection
EndGlobal
