
Microsoft Visual Studio Solution File, Format Version 12.00
# Visual Studio Version 17
VisualStudioVersion = 17.3.32811.315
MinimumVisualStudioVersion = 10.0.40219.1
Project("{FAE04EC0-301F-11D3-BF4B-00C04F79EFBC}") = "Guess the number", "Guess the number.csproj", "{EB46D06C-A0FC-4763-893C-95CBF3C69A1A}"
EndProject
Global
	GlobalSection(SolutionConfigurationPlatforms) = preSolution
		Debug|Any CPU = Debug|Any CPU
		Release|Any CPU = Release|Any CPU
	EndGlobalSection
	GlobalSection(ProjectConfigurationPlatforms) = postSolution
		{EB46D06C-A0FC-4763-893C-95CBF3C69A1A}.Debug|Any CPU.ActiveCfg = Debug|Any CPU
		{EB46D06C-A0FC-4763-893C-95CBF3C69A1A}.Debug|Any CPU.Build.0 = Debug|Any CPU
		{EB46D06C-A0FC-4763-893C-95CBF3C69A1A}.Release|Any CPU.ActiveCfg = Release|Any CPU
		{EB46D06C-A0FC-4763-893C-95CBF3C69A1A}.Release|Any CPU.Build.0 = Release|Any CPU
	EndGlobalSection
	GlobalSection(SolutionProperties) = preSolution
		HideSolutionNode = FALSE
	EndGlobalSection
	GlobalSection(ExtensibilityGlobals) = postSolution
		SolutionGuid = {594B46D1-69D9-47A2-B579-3BF8A03C374E}
	EndGlobalSection
EndGlobal
