
Microsoft Visual Studio Solution File, Format Version 12.00
# Visual Studio Version 17
VisualStudioVersion = 17.3.32811.315
MinimumVisualStudioVersion = 10.0.40219.1
Project("{FAE04EC0-301F-11D3-BF4B-00C04F79EFBC}") = "Personal Information", "Personal Information.csproj", "{CBBA70C3-9BE0-4D7B-815D-3D497C7902A0}"
EndProject
Global
	GlobalSection(SolutionConfigurationPlatforms) = preSolution
		Debug|Any CPU = Debug|Any CPU
		Release|Any CPU = Release|Any CPU
	EndGlobalSection
	GlobalSection(ProjectConfigurationPlatforms) = postSolution
		{CBBA70C3-9BE0-4D7B-815D-3D497C7902A0}.Debug|Any CPU.ActiveCfg = Debug|Any CPU
		{CBBA70C3-9BE0-4D7B-815D-3D497C7902A0}.Debug|Any CPU.Build.0 = Debug|Any CPU
		{CBBA70C3-9BE0-4D7B-815D-3D497C7902A0}.Release|Any CPU.ActiveCfg = Release|Any CPU
		{CBBA70C3-9BE0-4D7B-815D-3D497C7902A0}.Release|Any CPU.Build.0 = Release|Any CPU
	EndGlobalSection
	GlobalSection(SolutionProperties) = preSolution
		HideSolutionNode = FALSE
	EndGlobalSection
	GlobalSection(ExtensibilityGlobals) = postSolution
		SolutionGuid = {54A1ECC1-377D-4878-82BA-A3EA4F52129C}
	EndGlobalSection
EndGlobal
